
Microsoft Visual Studio Solution File, Format Version 11.00
# Visual Studio 2010
# SharpDevelop 4.3
Project("{FAE04EC0-301F-11D3-BF4B-00C04F79EFBC}") = "TraySysInfo", "TraySysInfo\TraySysInfo.csproj", "{F8794E53-E4C3-4C86-B7EC-85C7B2B8C1F0}"
EndProject
Global
	GlobalSection(SolutionConfigurationPlatforms) = preSolution
		Debug|Any CPU = Debug|Any CPU
		Release|Any CPU = Release|Any CPU
	EndGlobalSection
	GlobalSection(ProjectConfigurationPlatforms) = postSolution
		{F8794E53-E4C3-4C86-B7EC-85C7B2B8C1F0}.Debug|Any CPU.Build.0 = Debug|Any CPU
		{F8794E53-E4C3-4C86-B7EC-85C7B2B8C1F0}.Debug|Any CPU.ActiveCfg = Debug|Any CPU
		{F8794E53-E4C3-4C86-B7EC-85C7B2B8C1F0}.Release|Any CPU.Build.0 = Release|Any CPU
		{F8794E53-E4C3-4C86-B7EC-85C7B2B8C1F0}.Release|Any CPU.ActiveCfg = Release|Any CPU
	EndGlobalSection
EndGlobal
